
Microsoft Visual Studio Solution File, Format Version 12.00
# Visual Studio Version 16
VisualStudioVersion = 16.0.31410.357
MinimumVisualStudioVersion = 10.0.40219.1
Project("{FAE04EC0-301F-11D3-BF4B-00C04F79EFBC}") = "ConsoleUI", "ConsoleUI\ConsoleUI.csproj", "{34C6EB18-43D0-46B2-97DE-89D5251C5D5E}"
EndProject
Project("{FAE04EC0-301F-11D3-BF4B-00C04F79EFBC}") = "ExceptionsLibrary", "ExceptionsLibrary\ExceptionsLibrary.csproj", "{715E53D4-34BA-4174-9B02-A4F7A937053A}"
EndProject
Global
	GlobalSection(SolutionConfigurationPlatforms) = preSolution
		Debug|Any CPU = Debug|Any CPU
		Release|Any CPU = Release|Any CPU
	EndGlobalSection
	GlobalSection(ProjectConfigurationPlatforms) = postSolution
		{34C6EB18-43D0-46B2-97DE-89D5251C5D5E}.Debug|Any CPU.ActiveCfg = Debug|Any CPU
		{34C6EB18-43D0-46B2-97DE-89D5251C5D5E}.Debug|Any CPU.Build.0 = Debug|Any CPU
		{34C6EB18-43D0-46B2-97DE-89D5251C5D5E}.Release|Any CPU.ActiveCfg = Release|Any CPU
		{34C6EB18-43D0-46B2-97DE-89D5251C5D5E}.Release|Any CPU.Build.0 = Release|Any CPU
		{715E53D4-34BA-4174-9B02-A4F7A937053A}.Debug|Any CPU.ActiveCfg = Debug|Any CPU
		{715E53D4-34BA-4174-9B02-A4F7A937053A}.Debug|Any CPU.Build.0 = Debug|Any CPU
		{715E53D4-34BA-4174-9B02-A4F7A937053A}.Release|Any CPU.ActiveCfg = Release|Any CPU
		{715E53D4-34BA-4174-9B02-A4F7A937053A}.Release|Any CPU.Build.0 = Release|Any CPU
	EndGlobalSection
	GlobalSection(SolutionProperties) = preSolution
		HideSolutionNode = FALSE
	EndGlobalSection
	GlobalSection(ExtensibilityGlobals) = postSolution
		SolutionGuid = {715AD865-37E1-462F-8C1A-8A5DF5258B05}
	EndGlobalSection
EndGlobal
